#MicroXplorer Configuration settings - do not modify
ADC1.Channel-0\#ChannelRegularConversion=ADC_CHANNEL_3
ADC1.Channel-1\#ChannelRegularConversion=ADC_CHANNEL_1
ADC1.Channel-2\#ChannelRegularConversion=ADC_CHANNEL_5
ADC1.Channel-3\#ChannelRegularConversion=ADC_CHANNEL_11
ADC1.CommonPathInternal=null|null|null|null
ADC1.DMAContinuousRequests=ENABLE
ADC1.ExternalTrigConv=ADC_EXTERNALTRIG_T1_TRGO
ADC1.IPParameters=Rank-0\#ChannelRegularConversion,Channel-0\#ChannelRegularConversion,SamplingTime-0\#ChannelRegularConversion,OffsetNumber-0\#ChannelRegularConversion,NbrOfConversionFlag,ExternalTrigConv,Rank-1\#ChannelRegularConversion,Channel-1\#ChannelRegularConversion,SamplingTime-1\#ChannelRegularConversion,OffsetNumber-1\#ChannelRegularConversion,NbrOfConversion,DMAContinuousRequests,OversamplingMode,Ratio,RightBitShift,Rank-2\#ChannelRegularConversion,Channel-2\#ChannelRegularConversion,SamplingTime-2\#ChannelRegularConversion,OffsetNumber-2\#ChannelRegularConversion,Rank-3\#ChannelRegularConversion,Channel-3\#ChannelRegularConversion,SamplingTime-3\#ChannelRegularConversion,OffsetNumber-3\#ChannelRegularConversion,master,CommonPathInternal
ADC1.NbrOfConversion=4
ADC1.NbrOfConversionFlag=1
ADC1.OffsetNumber-0\#ChannelRegularConversion=ADC_OFFSET_NONE
ADC1.OffsetNumber-1\#ChannelRegularConversion=ADC_OFFSET_NONE
ADC1.OffsetNumber-2\#ChannelRegularConversion=ADC_OFFSET_NONE
ADC1.OffsetNumber-3\#ChannelRegularConversion=ADC_OFFSET_NONE
ADC1.OversamplingMode=ENABLE
ADC1.Rank-0\#ChannelRegularConversion=1
ADC1.Rank-1\#ChannelRegularConversion=2
ADC1.Rank-2\#ChannelRegularConversion=3
ADC1.Rank-3\#ChannelRegularConversion=4
ADC1.Ratio=ADC_OVERSAMPLING_RATIO_8
ADC1.RightBitShift=ADC_RIGHTBITSHIFT_3
ADC1.SamplingTime-0\#ChannelRegularConversion=ADC_SAMPLETIME_2CYCLES_5
ADC1.SamplingTime-1\#ChannelRegularConversion=ADC_SAMPLETIME_47CYCLES_5
ADC1.SamplingTime-2\#ChannelRegularConversion=ADC_SAMPLETIME_47CYCLES_5
ADC1.SamplingTime-3\#ChannelRegularConversion=ADC_SAMPLETIME_47CYCLES_5
ADC1.master=1
ADC2.Channel-0\#ChannelRegularConversion=ADC_CHANNEL_3
ADC2.Channel-1\#ChannelRegularConversion=ADC_CHANNEL_17
ADC2.Channel-2\#ChannelRegularConversion=ADC_CHANNEL_5
ADC2.Channel-3\#ChannelRegularConversion=ADC_CHANNEL_14
ADC2.CommonPathInternal=null|null|null|null
ADC2.DMAContinuousRequests=ENABLE
ADC2.ExternalTrigConv=ADC_EXTERNALTRIG_T1_TRGO
ADC2.IPParameters=Rank-0\#ChannelRegularConversion,Channel-0\#ChannelRegularConversion,SamplingTime-0\#ChannelRegularConversion,OffsetNumber-0\#ChannelRegularConversion,NbrOfConversionFlag,NbrOfConversion,ExternalTrigConv,DMAContinuousRequests,OversamplingMode,Ratio,RightBitShift,Rank-1\#ChannelRegularConversion,Channel-1\#ChannelRegularConversion,SamplingTime-1\#ChannelRegularConversion,OffsetNumber-1\#ChannelRegularConversion,Rank-2\#ChannelRegularConversion,Channel-2\#ChannelRegularConversion,SamplingTime-2\#ChannelRegularConversion,OffsetNumber-2\#ChannelRegularConversion,Rank-3\#ChannelRegularConversion,Channel-3\#ChannelRegularConversion,SamplingTime-3\#ChannelRegularConversion,OffsetNumber-3\#ChannelRegularConversion,CommonPathInternal
ADC2.NbrOfConversion=4
ADC2.NbrOfConversionFlag=1
ADC2.OffsetNumber-0\#ChannelRegularConversion=ADC_OFFSET_NONE
ADC2.OffsetNumber-1\#ChannelRegularConversion=ADC_OFFSET_NONE
ADC2.OffsetNumber-2\#ChannelRegularConversion=ADC_OFFSET_NONE
ADC2.OffsetNumber-3\#ChannelRegularConversion=ADC_OFFSET_NONE
ADC2.OversamplingMode=ENABLE
ADC2.Rank-0\#ChannelRegularConversion=1
ADC2.Rank-1\#ChannelRegularConversion=2
ADC2.Rank-2\#ChannelRegularConversion=3
ADC2.Rank-3\#ChannelRegularConversion=4
ADC2.Ratio=ADC_OVERSAMPLING_RATIO_8
ADC2.RightBitShift=ADC_RIGHTBITSHIFT_3
ADC2.SamplingTime-0\#ChannelRegularConversion=ADC_SAMPLETIME_2CYCLES_5
ADC2.SamplingTime-1\#ChannelRegularConversion=ADC_SAMPLETIME_47CYCLES_5
ADC2.SamplingTime-2\#ChannelRegularConversion=ADC_SAMPLETIME_47CYCLES_5
ADC2.SamplingTime-3\#ChannelRegularConversion=ADC_SAMPLETIME_47CYCLES_5
CAD.formats=
CAD.pinconfig=
CAD.provider=
DAC3.DAC_Channel-DAC_OUT2_Int=DAC_CHANNEL_2
DAC3.IPParameters=DAC_Channel-DAC_OUT2_Int
Dma.ADC1.0.Direction=DMA_PERIPH_TO_MEMORY
Dma.ADC1.0.EventEnable=DISABLE
Dma.ADC1.0.Instance=DMA1_Channel1
Dma.ADC1.0.MemDataAlignment=DMA_MDATAALIGN_WORD
Dma.ADC1.0.MemInc=DMA_MINC_ENABLE
Dma.ADC1.0.Mode=DMA_CIRCULAR
Dma.ADC1.0.PeriphDataAlignment=DMA_PDATAALIGN_WORD
Dma.ADC1.0.PeriphInc=DMA_PINC_DISABLE
Dma.ADC1.0.Polarity=HAL_DMAMUX_REQ_GEN_RISING
Dma.ADC1.0.Priority=DMA_PRIORITY_LOW
Dma.ADC1.0.RequestNumber=1
Dma.ADC1.0.RequestParameters=Instance,Direction,PeriphInc,MemInc,PeriphDataAlignment,MemDataAlignment,Mode,Priority,SignalID,Polarity,RequestNumber,SyncSignalID,SyncPolarity,SyncEnable,EventEnable,SyncRequestNumber
Dma.ADC1.0.SignalID=NONE
Dma.ADC1.0.SyncEnable=DISABLE
Dma.ADC1.0.SyncPolarity=HAL_DMAMUX_SYNC_NO_EVENT
Dma.ADC1.0.SyncRequestNumber=1
Dma.ADC1.0.SyncSignalID=NONE
Dma.ADC2.1.Direction=DMA_PERIPH_TO_MEMORY
Dma.ADC2.1.EventEnable=DISABLE
Dma.ADC2.1.Instance=DMA1_Channel2
Dma.ADC2.1.MemDataAlignment=DMA_MDATAALIGN_WORD
Dma.ADC2.1.MemInc=DMA_MINC_ENABLE
Dma.ADC2.1.Mode=DMA_CIRCULAR
Dma.ADC2.1.PeriphDataAlignment=DMA_PDATAALIGN_WORD
Dma.ADC2.1.PeriphInc=DMA_PINC_DISABLE
Dma.ADC2.1.Polarity=HAL_DMAMUX_REQ_GEN_RISING
Dma.ADC2.1.Priority=DMA_PRIORITY_LOW
Dma.ADC2.1.RequestNumber=1
Dma.ADC2.1.RequestParameters=Instance,Direction,PeriphInc,MemInc,PeriphDataAlignment,MemDataAlignment,Mode,Priority,SignalID,Polarity,RequestNumber,SyncSignalID,SyncPolarity,SyncEnable,EventEnable,SyncRequestNumber
Dma.ADC2.1.SignalID=NONE
Dma.ADC2.1.SyncEnable=DISABLE
Dma.ADC2.1.SyncPolarity=HAL_DMAMUX_SYNC_NO_EVENT
Dma.ADC2.1.SyncRequestNumber=1
Dma.ADC2.1.SyncSignalID=NONE
Dma.Request0=ADC1
Dma.Request1=ADC2
Dma.RequestsNb=2
FDCAN1.CalculateBaudRateNominal=1999999
FDCAN1.CalculateTimeBitNominal=500
FDCAN1.CalculateTimeQuantumNominal=29.411764705882355
FDCAN1.IPParameters=CalculateTimeQuantumNominal,CalculateTimeBitNominal,CalculateBaudRateNominal,NominalPrescaler,NominalTimeSeg1,NominalTimeSeg2
FDCAN1.NominalPrescaler=5
FDCAN1.NominalTimeSeg1=14
FDCAN1.NominalTimeSeg2=2
File.Version=6
GPIO.groupedBy=Group By Peripherals
KeepUserPlacement=false
Mcu.CPN=STM32G431CBU6
Mcu.Family=STM32G4
Mcu.IP0=ADC1
Mcu.IP1=ADC2
Mcu.IP10=OPAMP2
Mcu.IP11=OPAMP3
Mcu.IP12=RCC
Mcu.IP13=SYS
Mcu.IP14=TIM1
Mcu.IP15=TIM2
Mcu.IP16=TIM6
Mcu.IP17=USART2
Mcu.IP2=COMP1
Mcu.IP3=COMP2
Mcu.IP4=COMP4
Mcu.IP5=DAC3
Mcu.IP6=DMA
Mcu.IP7=FDCAN1
Mcu.IP8=NVIC
Mcu.IP9=OPAMP1
Mcu.IPNb=18
Mcu.Name=STM32G431C(6-8-B)Ux
Mcu.Package=UFQFPN48
Mcu.Pin0=PC13
Mcu.Pin1=PC14-OSC32_IN
Mcu.Pin10=PA6
Mcu.Pin11=PA7
Mcu.Pin12=PC4
Mcu.Pin13=PB0
Mcu.Pin14=PB1
Mcu.Pin15=PB2
Mcu.Pin16=PB11
Mcu.Pin17=PB12
Mcu.Pin18=PB14
Mcu.Pin19=PB15
Mcu.Pin2=PF0-OSC_IN
Mcu.Pin20=PC6
Mcu.Pin21=PA8
Mcu.Pin22=PA9
Mcu.Pin23=PA10
Mcu.Pin24=PA11
Mcu.Pin25=PA12
Mcu.Pin26=PA13
Mcu.Pin27=PA14
Mcu.Pin28=PA15
Mcu.Pin29=PC10
Mcu.Pin3=PF1-OSC_OUT
Mcu.Pin30=PC11
Mcu.Pin31=PB3
Mcu.Pin32=PB4
Mcu.Pin33=PB9
Mcu.Pin34=VP_ADC2_OPAMP_INTERNAL3
Mcu.Pin35=VP_COMP1_VS_DAC3OUT1
Mcu.Pin36=VP_COMP2_VS_DAC3OUT2
Mcu.Pin37=VP_COMP4_VS_DAC3OUT2
Mcu.Pin38=VP_DAC3_VS_DACI1
Mcu.Pin39=VP_DAC3_VS_DACI2
Mcu.Pin4=PA0
Mcu.Pin40=VP_SYS_VS_Systick
Mcu.Pin41=VP_SYS_VS_DBSignals
Mcu.Pin42=VP_TIM1_VS_no_output4
Mcu.Pin43=VP_TIM2_VS_ClockSourceINT
Mcu.Pin44=VP_TIM6_VS_ClockSourceINT
Mcu.Pin5=PA1
Mcu.Pin6=PA2
Mcu.Pin7=PA3
Mcu.Pin8=PA4
Mcu.Pin9=PA5
Mcu.PinsNb=45
Mcu.ThirdPartyNb=0
Mcu.UserConstants=
Mcu.UserName=STM32G431CBUx
MxCube.Version=6.17.0
MxDb.Version=DB.6.0.170
NVIC.ADC1_2_IRQn=true\:0\:0\:false\:false\:true\:true\:true\:true
NVIC.BusFault_IRQn=true\:0\:0\:false\:false\:true\:false\:false\:false
NVIC.DMA1_Channel1_IRQn=true\:0\:0\:false\:false\:true\:false\:true\:true
NVIC.DMA1_Channel2_IRQn=true\:0\:0\:false\:false\:true\:false\:true\:true
NVIC.DebugMonitor_IRQn=true\:0\:0\:false\:false\:true\:false\:false\:false
NVIC.ForceEnableDMAVector=true
NVIC.HardFault_IRQn=true\:0\:0\:false\:false\:true\:false\:false\:false
NVIC.MemoryManagement_IRQn=true\:0\:0\:false\:false\:true\:false\:false\:false
NVIC.NonMaskableInt_IRQn=true\:0\:0\:false\:false\:true\:false\:false\:false
NVIC.PendSV_IRQn=true\:0\:0\:false\:false\:true\:false\:false\:false
NVIC.PriorityGroup=NVIC_PRIORITYGROUP_4
NVIC.SVCall_IRQn=true\:0\:0\:false\:false\:true\:false\:false\:false
NVIC.SysTick_IRQn=true\:15\:0\:false\:false\:true\:false\:true\:false
NVIC.TIM2_IRQn=true\:0\:0\:false\:false\:true\:true\:true\:true
NVIC.TIM6_DAC_IRQn=true\:0\:0\:false\:false\:true\:true\:true\:true
NVIC.UsageFault_IRQn=true\:0\:0\:false\:false\:true\:false\:false\:false
OPAMP1.IPParameters=PgaGain
OPAMP1.PgaGain=OPAMP_PGA_GAIN_16_OR_MINUS_15
OPAMP2.IPParameters=PgaGain
OPAMP2.PgaGain=OPAMP_PGA_GAIN_16_OR_MINUS_15
OPAMP3.IPParameters=PgaGain
OPAMP3.PgaGain=OPAMP_PGA_GAIN_16_OR_MINUS_15
PA0.GPIOParameters=GPIO_Label
PA0.GPIO_Label=M1_BUS_VOLTAGE
PA0.Mode=IN1-Single-Ended
PA0.Signal=ADC1_IN1
PA1.Locked=true
PA1.Signal=SharedAnalog_PA1
PA10.GPIOParameters=GPIO_PuPd,GPIO_Label
PA10.GPIO_Label=M1_PWM_WH_DISABLED
PA10.GPIO_PuPd=GPIO_PULLDOWN
PA10.Locked=true
PA10.Signal=GPIO_Output
PA11.Locked=true
PA11.Mode=FDCAN_Activate
PA11.Signal=FDCAN1_RX
PA12.GPIOParameters=GPIO_Label
PA12.GPIO_Label=M1_PWM_VL
PA12.Locked=true
PA12.Mode=PWM Generation2 CH2 CH2N
PA12.Signal=TIM1_CH2N
PA13.Mode=Serial_Wire
PA13.Signal=SYS_JTMS-SWDIO
PA14.Mode=Serial_Wire
PA14.Signal=SYS_JTCK-SWCLK
PA15.GPIOParameters=GPIO_Label
PA15.GPIO_Label=PWM_INPUT
PA15.Signal=S_TIM2_CH1
PA2.GPIOParameters=GPIO_Label
PA2.GPIO_Label=SHUNT_U
PA2.Locked=true
PA2.Signal=SharedAnalog_PA2
PA3.GPIOParameters=GPIO_Label
PA3.GPIO_Label=M1_OPAMP1_INT_GAIN
PA3.Locked=true
PA3.Mode=PGA Connected-INVERTINGINPUT_IO0_BIAS
PA3.Signal=OPAMP1_VINM0
PA4.GPIOParameters=GPIO_Label
PA4.GPIO_Label=BEMF_U
PA4.Locked=true
PA4.Mode=IN17-Single-Ended
PA4.Signal=ADC2_IN17
PA5.Locked=true
PA5.Mode=PGA Connected-INVERTINGINPUT_IO0_BIAS
PA5.Signal=OPAMP2_VINM0
PA6.GPIOParameters=GPIO_Label
PA6.GPIO_Label=SHUNT_V
PA6.Locked=true
PA6.Signal=SharedAnalog_PA6
PA7.Locked=true
PA7.Signal=SharedAnalog_PA7
PA8.GPIOParameters=GPIO_Label
PA8.GPIO_Label=M1_PWM_UH
PA8.Signal=S_TIM1_CH1
PA9.GPIOParameters=GPIO_Label
PA9.GPIO_Label=M1_PWM_VH
PA9.Signal=S_TIM1_CH2
PB0.Locked=true
PB0.Signal=SharedAnalog_PB0
PB1.GPIOParameters=GPIO_Label
PB1.GPIO_Label=SHUNT_W
PB1.Locked=true
PB1.Signal=SharedAnalog_PB1
PB11.GPIOParameters=GPIO_Label
PB11.GPIO_Label=BEMF_W
PB11.Locked=true
PB11.Mode=IN14-Single-Ended
PB11.Signal=ADC2_IN14
PB12.GPIOParameters=GPIO_Label
PB12.GPIO_Label=DEVBOARD_POT
PB12.Locked=true
PB12.Mode=IN11-Single-Ended
PB12.Signal=ADC1_IN11
PB14.GPIOParameters=GPIO_Label
PB14.GPIO_Label=M1_TEMPERATURE
PB14.Mode=IN5-Single-Ended
PB14.Signal=ADC1_IN5
PB15.GPIOParameters=GPIO_PuPd,GPIO_Label
PB15.GPIO_Label=M1_PWM_WL_DISABLED
PB15.GPIO_PuPd=GPIO_PULLDOWN
PB15.Locked=true
PB15.Signal=GPIO_Output
PB2.Locked=true
PB2.Mode=PGA Internally connected_IO0_BIAS
PB2.Signal=OPAMP3_VINM0
PB3.Locked=true
PB3.Mode=Asynchronous
PB3.Signal=USART2_TX
PB4.Locked=true
PB4.Mode=Asynchronous
PB4.Signal=USART2_RX
PB9.Mode=FDCAN_Activate
PB9.Signal=FDCAN1_TX
PC10.GPIOParameters=GPIO_Label
PC10.GPIO_Label=DEVBOARD_BUTTON
PC10.Locked=true
PC10.Signal=GPXTI10
PC11.GPIOParameters=GPIO_Label
PC11.GPIO_Label=CAN_TRANSCEIVER_SHUTDOWN
PC11.Locked=true
PC11.Signal=GPIO_Output
PC13.GPIOParameters=GPIO_Label
PC13.GPIO_Label=M1_PWM_UL
PC13.Mode=PWM Generation1 CH1 CH1N
PC13.Signal=TIM1_CH1N
PC14-OSC32_IN.GPIOParameters=GPIO_Label
PC14-OSC32_IN.GPIO_Label=CAN_TERMINATION
PC14-OSC32_IN.Locked=true
PC14-OSC32_IN.Signal=GPIO_Output
PC4.GPIOParameters=GPIO_Label
PC4.GPIO_Label=BEMF_V
PC4.Locked=true
PC4.Mode=IN5-Single-Ended
PC4.Signal=ADC2_IN5
PC6.GPIOParameters=GPIO_Label
PC6.GPIO_Label=DEVBOARD_LED
PC6.Locked=true
PC6.Signal=GPIO_Output
PF0-OSC_IN.Mode=HSE-External-Oscillator
PF0-OSC_IN.Signal=RCC_OSC_IN
PF1-OSC_OUT.Mode=HSE-External-Oscillator
PF1-OSC_OUT.Signal=RCC_OSC_OUT
PinOutPanel.RotationAngle=0
ProjectManager.AskForMigrate=true
ProjectManager.BackupPrevious=false
ProjectManager.CompilerLinker=GCC
ProjectManager.CompilerOptimize=6
ProjectManager.ComputerToolchain=false
ProjectManager.CoupleFile=true
ProjectManager.CustomerFirmwarePackage=
ProjectManager.DefaultFWLocation=true
ProjectManager.DeletePrevious=true
ProjectManager.DeviceId=STM32G431CBUx
ProjectManager.FirmwarePackage=STM32Cube FW_G4 V1.6.2
ProjectManager.FreePins=false
ProjectManager.FreePinsContext=
ProjectManager.HalAssertFull=false
ProjectManager.HeapSize=0x200
ProjectManager.KeepUserCode=true
ProjectManager.LastFirmware=true
ProjectManager.LibraryCopy=1
ProjectManager.MainLocation=Core/Src
ProjectManager.NoMain=false
ProjectManager.PreviousToolchain=STM32CubeIDE
ProjectManager.ProjectBuild=false
ProjectManager.ProjectFileName=B1_G431B_ESC1_BrushledMotor.ioc
ProjectManager.ProjectName=B1_G431B_ESC1_BrushledMotor
ProjectManager.ProjectStructure=
ProjectManager.RegisterCallBack=
ProjectManager.StackSize=0x400
ProjectManager.TargetToolchain=CMake
ProjectManager.ToolChainLocation=
ProjectManager.UAScriptAfterPath=
ProjectManager.UAScriptBeforePath=
ProjectManager.UnderRoot=false
ProjectManager.functionlistsort=1-SystemClock_Config-RCC-false-HAL-false,2-MX_GPIO_Init-GPIO-false-HAL-true,3-MX_DMA_Init-DMA-false-HAL-true,4-MX_ADC1_Init-ADC1-false-HAL-true,5-MX_ADC2_Init-ADC2-false-HAL-true,6-MX_COMP1_Init-COMP1-false-HAL-true,7-MX_COMP2_Init-COMP2-false-HAL-true,8-MX_COMP4_Init-COMP4-false-HAL-true,9-MX_DAC3_Init-DAC3-false-HAL-true,10-MX_FDCAN1_Init-FDCAN1-false-HAL-true,11-MX_OPAMP1_Init-OPAMP1-false-HAL-true,12-MX_OPAMP2_Init-OPAMP2-false-HAL-true,13-MX_OPAMP3_Init-OPAMP3-false-HAL-true,14-MX_TIM1_Init-TIM1-false-HAL-true,15-MX_TIM6_Init-TIM6-false-HAL-true,16-MX_USART2_UART_Init-USART2-false-HAL-true,17-MX_TIM2_Init-TIM2-false-HAL-true
RCC.ADC12Freq_Value=170000000
RCC.AHBFreq_Value=170000000
RCC.APB1Freq_Value=170000000
RCC.APB1TimFreq_Value=170000000
RCC.APB2Freq_Value=170000000
RCC.APB2TimFreq_Value=170000000
RCC.CRSFreq_Value=48000000
RCC.CortexFreq_Value=170000000
RCC.EXTERNAL_CLOCK_VALUE=12288000
RCC.FCLKCortexFreq_Value=170000000
RCC.FDCANFreq_Value=170000000
RCC.FamilyName=M
RCC.HCLKFreq_Value=170000000
RCC.HSE_VALUE=8000000
RCC.HSI48_VALUE=48000000
RCC.HSI_VALUE=16000000
RCC.I2C1Freq_Value=170000000
RCC.I2C2Freq_Value=170000000
RCC.I2C3Freq_Value=170000000
RCC.I2SFreq_Value=170000000
RCC.IPParameters=ADC12Freq_Value,AHBFreq_Value,APB1Freq_Value,APB1TimFreq_Value,APB2Freq_Value,APB2TimFreq_Value,CRSFreq_Value,CortexFreq_Value,EXTERNAL_CLOCK_VALUE,FCLKCortexFreq_Value,FDCANFreq_Value,FamilyName,HCLKFreq_Value,HSE_VALUE,HSI48_VALUE,HSI_VALUE,I2C1Freq_Value,I2C2Freq_Value,I2C3Freq_Value,I2SFreq_Value,LPTIM1Freq_Value,LPUART1Freq_Value,LSCOPinFreq_Value,LSE_VALUE,LSI_VALUE,MCO1PinFreq_Value,PLLM,PLLN,PLLPoutputFreq_Value,PLLQoutputFreq_Value,PLLRCLKFreq_Value,PLLSourceVirtual,PWRFreq_Value,RNGFreq_Value,SAI1Freq_Value,SYSCLKFreq_VALUE,SYSCLKSource,UART4Freq_Value,USART1Freq_Value,USART2Freq_Value,USART3Freq_Value,USBFreq_Value,VCOInputFreq_Value,VCOOutputFreq_Value
RCC.LPTIM1Freq_Value=170000000
RCC.LPUART1Freq_Value=170000000
RCC.LSCOPinFreq_Value=32000
RCC.LSE_VALUE=32768
RCC.LSI_VALUE=32000
RCC.MCO1PinFreq_Value=16000000
RCC.PLLM=RCC_PLLM_DIV2
RCC.PLLN=85
RCC.PLLPoutputFreq_Value=170000000
RCC.PLLQoutputFreq_Value=170000000
RCC.PLLRCLKFreq_Value=170000000
RCC.PLLSourceVirtual=RCC_PLLSOURCE_HSE
RCC.PWRFreq_Value=170000000
RCC.RNGFreq_Value=170000000
RCC.SAI1Freq_Value=170000000
RCC.SYSCLKFreq_VALUE=170000000
RCC.SYSCLKSource=RCC_SYSCLKSOURCE_PLLCLK
RCC.UART4Freq_Value=170000000
RCC.USART1Freq_Value=170000000
RCC.USART2Freq_Value=170000000
RCC.USART3Freq_Value=170000000
RCC.USBFreq_Value=170000000
RCC.VCOInputFreq_Value=4000000
RCC.VCOOutputFreq_Value=340000000
SH.GPXTI10.0=GPIO_EXTI10
SH.GPXTI10.ConfNb=1
SH.S_TIM1_CH1.0=TIM1_CH1,PWM Generation1 CH1 CH1N
SH.S_TIM1_CH1.ConfNb=1
SH.S_TIM1_CH2.0=TIM1_CH2,PWM Generation2 CH2 CH2N
SH.S_TIM1_CH2.ConfNb=1
SH.S_TIM2_CH1.0=TIM2_CH1,PWM_Input_1
SH.S_TIM2_CH1.ConfNb=1
SH.SharedAnalog_PA1.0=COMP1_INP,INP
SH.SharedAnalog_PA1.1=OPAMP1_VINP,PGA Connected-INVERTINGINPUT_IO0_BIAS
SH.SharedAnalog_PA1.ConfNb=2
SH.SharedAnalog_PA2.0=OPAMP1_VOUT,PGA Connected-INVERTINGINPUT_IO0_BIAS
SH.SharedAnalog_PA2.1=ADC1_IN3,IN3-Single-Ended
SH.SharedAnalog_PA2.ConfNb=2
SH.SharedAnalog_PA6.0=ADC2_IN3,IN3-Single-Ended
SH.SharedAnalog_PA6.1=OPAMP2_VOUT,PGA Connected-INVERTINGINPUT_IO0_BIAS
SH.SharedAnalog_PA6.ConfNb=2
SH.SharedAnalog_PA7.0=COMP2_INP,INP
SH.SharedAnalog_PA7.1=OPAMP2_VINP,PGA Connected-INVERTINGINPUT_IO0_BIAS
SH.SharedAnalog_PA7.ConfNb=2
SH.SharedAnalog_PB0.0=COMP4_INP,INP
SH.SharedAnalog_PB0.1=OPAMP3_VINP,PGA Internally connected_IO0_BIAS
SH.SharedAnalog_PB0.ConfNb=2
SH.SharedAnalog_PB1.0=OPAMP3_VOUT
SH.SharedAnalog_PB1.1=ADC1_IN12,IN12-Single-Ended
SH.SharedAnalog_PB1.ConfNb=2
TIM1.BreakState=TIM_BREAK_ENABLE
TIM1.Channel-PWM\ Generation1\ CH1\ CH1N=TIM_CHANNEL_1
TIM1.Channel-PWM\ Generation2\ CH2\ CH2N=TIM_CHANNEL_2
TIM1.Channel-PWM\ Generation4\ No\ Output=TIM_CHANNEL_4
TIM1.CounterMode=TIM_COUNTERMODE_CENTERALIGNED1
TIM1.DeadTime=43
TIM1.IPParameters=Channel-PWM Generation1 CH1 CH1N,Channel-PWM Generation2 CH2 CH2N,PeriodNoDither,DeadTime,TIM_MasterOutputTrigger,CounterMode,Channel-PWM Generation4 No Output,PulseNoDither_4,BreakState,SourceBRKCOMP2,SourceBRKCOMP1
TIM1.PeriodNoDither=4249
TIM1.PulseNoDither_4=4248
TIM1.SourceBRKCOMP1=TIM_BREAKINPUTSOURCE_ENABLE
TIM1.SourceBRKCOMP2=TIM_BREAKINPUTSOURCE_ENABLE
TIM1.TIM_MasterOutputTrigger=TIM_TRGO_OC4REF
TIM6.IPParameters=Prescaler,PeriodNoDither
TIM6.PeriodNoDither=42499
TIM6.Prescaler=3
USART2.IPParameters=VirtualMode-Asynchronous
USART2.VirtualMode-Asynchronous=VM_ASYNC
VP_ADC2_OPAMP_INTERNAL3.Mode=IN-OPAMP3
VP_ADC2_OPAMP_INTERNAL3.Signal=ADC2_OPAMP_INTERNAL3
VP_COMP1_VS_DAC3OUT1.Mode=INM_DAC3OUT1
VP_COMP1_VS_DAC3OUT1.Signal=COMP1_VS_DAC3OUT1
VP_COMP2_VS_DAC3OUT2.Mode=INM_DAC3OUT2
VP_COMP2_VS_DAC3OUT2.Signal=COMP2_VS_DAC3OUT2
VP_COMP4_VS_DAC3OUT2.Mode=INM_DAC3OUT2
VP_COMP4_VS_DAC3OUT2.Signal=COMP4_VS_DAC3OUT2
VP_DAC3_VS_DACI1.Mode=DAC_OUT1_Int
VP_DAC3_VS_DACI1.Signal=DAC3_VS_DACI1
VP_DAC3_VS_DACI2.Mode=DAC_OUT2_Int
VP_DAC3_VS_DACI2.Signal=DAC3_VS_DACI2
VP_SYS_VS_DBSignals.Mode=DisableDeadBatterySignals
VP_SYS_VS_DBSignals.Signal=SYS_VS_DBSignals
VP_SYS_VS_Systick.Mode=SysTick
VP_SYS_VS_Systick.Signal=SYS_VS_Systick
VP_TIM1_VS_no_output4.Mode=PWM Generation4 No Output
VP_TIM1_VS_no_output4.Signal=TIM1_VS_no_output4
VP_TIM2_VS_ClockSourceINT.Mode=Internal
VP_TIM2_VS_ClockSourceINT.Signal=TIM2_VS_ClockSourceINT
VP_TIM6_VS_ClockSourceINT.Mode=Enable_Timer
VP_TIM6_VS_ClockSourceINT.Signal=TIM6_VS_ClockSourceINT
board=custom
